
Microsoft Visual Studio Solution File, Format Version 12.00
# Visual Studio 14
VisualStudioVersion = 14.0.25420.1
MinimumVisualStudioVersion = 10.0.40219.1
Project("{FAE04EC0-301F-11D3-BF4B-00C04F79EFBC}") = "HengiloregisderiApplication", "HengiloregisderiApplication\HengiloregisderiApplication.csproj", "{F4070ADE-C2B6-4217-A2BC-3DA4EB3956EE}"
EndProject
Project("{FAE04EC0-301F-11D3-BF4B-00C04F79EFBC}") = "AlbumiApplication", "AlbumiApplication\AlbumiApplication.csproj", "{9E9A719B-62EA-4873-B703-4EBA4972EE2D}"
EndProject
Global
	GlobalSection(SolutionConfigurationPlatforms) = preSolution
		Debug|Any CPU = Debug|Any CPU
		Release|Any CPU = Release|Any CPU
	EndGlobalSection
	GlobalSection(ProjectConfigurationPlatforms) = postSolution
		{F4070ADE-C2B6-4217-A2BC-3DA4EB3956EE}.Debug|Any CPU.ActiveCfg = Debug|Any CPU
		{F4070ADE-C2B6-4217-A2BC-3DA4EB3956EE}.Debug|Any CPU.Build.0 = Debug|Any CPU
		{F4070ADE-C2B6-4217-A2BC-3DA4EB3956EE}.Release|Any CPU.ActiveCfg = Release|Any CPU
		{F4070ADE-C2B6-4217-A2BC-3DA4EB3956EE}.Release|Any CPU.Build.0 = Release|Any CPU
		{9E9A719B-62EA-4873-B703-4EBA4972EE2D}.Debug|Any CPU.ActiveCfg = Debug|Any CPU
		{9E9A719B-62EA-4873-B703-4EBA4972EE2D}.Debug|Any CPU.Build.0 = Debug|Any CPU
		{9E9A719B-62EA-4873-B703-4EBA4972EE2D}.Release|Any CPU.ActiveCfg = Release|Any CPU
		{9E9A719B-62EA-4873-B703-4EBA4972EE2D}.Release|Any CPU.Build.0 = Release|Any CPU
	EndGlobalSection
	GlobalSection(SolutionProperties) = preSolution
		HideSolutionNode = FALSE
	EndGlobalSection
EndGlobal
